
Microsoft Visual Studio Solution File, Format Version 12.00
# Visual Studio Version 17
VisualStudioVersion = 17.8.34525.116
MinimumVisualStudioVersion = 10.0.40219.1
Project("{FAE04EC0-301F-11D3-BF4B-00C04F79EFBC}") = "SyncConsoleAppPractical1", "SyncConsoleAppPractical1\SyncConsoleAppPractical1.csproj", "{687EB181-E612-4A5F-94F9-B1491C486354}"
EndProject
Global
	GlobalSection(SolutionConfigurationPlatforms) = preSolution
		Debug|Any CPU = Debug|Any CPU
		Release|Any CPU = Release|Any CPU
	EndGlobalSection
	GlobalSection(ProjectConfigurationPlatforms) = postSolution
		{687EB181-E612-4A5F-94F9-B1491C486354}.Debug|Any CPU.ActiveCfg = Debug|Any CPU
		{687EB181-E612-4A5F-94F9-B1491C486354}.Debug|Any CPU.Build.0 = Debug|Any CPU
		{687EB181-E612-4A5F-94F9-B1491C486354}.Release|Any CPU.ActiveCfg = Release|Any CPU
		{687EB181-E612-4A5F-94F9-B1491C486354}.Release|Any CPU.Build.0 = Release|Any CPU
	EndGlobalSection
	GlobalSection(SolutionProperties) = preSolution
		HideSolutionNode = FALSE
	EndGlobalSection
	GlobalSection(ExtensibilityGlobals) = postSolution
		SolutionGuid = {CA81AA02-057B-41D8-83DD-6638F3A62BA9}
	EndGlobalSection
EndGlobal
